// !$*UTF8*$!
{
	archiveVersion = 1;
	classes = {
	};
	objectVersion = 46;
	objects = {

/* Begin PBXBuildFile section */
		8487DEDB1E0F045600DEA9B5 /* AppDelegate.swift in Sources */ = {isa = PBXBuildFile; fileRef = 8487DEDA1E0F045600DEA9B5 /* AppDelegate.swift */; };
		8487DEDD1E0F045600DEA9B5 /* ViewController.swift in Sources */ = {isa = PBXBuildFile; fileRef = 8487DEDC1E0F045600DEA9B5 /* ViewController.swift */; };
		8487DEE01E0F045600DEA9B5 /* Main.storyboard in Resources */ = {isa = PBXBuildFile; fileRef = 8487DEDE1E0F045600DEA9B5 /* Main.storyboard */; };
		8487DEE21E0F045600DEA9B5 /* Assets.xcassets in Resources */ = {isa = PBXBuildFile; fileRef = 8487DEE11E0F045600DEA9B5 /* Assets.xcassets */; };
		8487DEE51E0F045600DEA9B5 /* LaunchScreen.storyboard in Resources */ = {isa = PBXBuildFile; fileRef = 8487DEE31E0F045600DEA9B5 /* LaunchScreen.storyboard */; };
		8487DEF01E0F045600DEA9B5 /* TipperTests.swift in Sources */ = {isa = PBXBuildFile; fileRef = 8487DEEF1E0F045600DEA9B5 /* TipperTests.swift */; };
		8487DEFB1E0F045600DEA9B5 /* TipperUITests.swift in Sources */ = {isa = PBXBuildFile; fileRef = 8487DEFA1E0F045600DEA9B5 /* TipperUITests.swift */; };
/* End PBXBuildFile section */

/* Begin PBXContainerItemProxy section */
		8487DEEC1E0F045600DEA9B5 /* PBXContainerItemProxy */ = {
			isa = PBXContainerItemProxy;
			containerPortal = 8487DECF1E0F045600DEA9B5 /* Project object */;
			proxyType = 1;
			remoteGlobalIDString = 8487DED61E0F045600DEA9B5;
			remoteInfo = Tipper;
		};
		8487DEF71E0F045600DEA9B5 /* PBXContainerItemProxy */ = {
			isa = PBXContainerItemProxy;
			containerPortal = 8487DECF1E0F045600DEA9B5 /* Project object */;
			proxyType = 1;
			remoteGlobalIDString = 8487DED61E0F045600DEA9B5;
			remoteInfo = Tipper;
		};
/* End PBXContainerItemProxy section */

/* Begin PBXFileReference section */
		8487DED71E0F045600DEA9B5 /* Tipper.app */ = {isa = PBXFileReference; explicitFileType = wrapper.application; includeInIndex = 0; path = Tipper.app; sourceTree = BUILT_PRODUCTS_DIR; };
		8487DEDA1E0F045600DEA9B5 /* AppDelegate.swift */ = {isa = PBXFileReference; lastKnownFileType = sourcecode.swift; path = AppDelegate.swift; sourceTree = "<group>"; };
		8487DEDC1E0F045600DEA9B5 /* ViewController.swift */ = {isa = PBXFileReference; lastKnownFileType = sourcecode.swift; path = ViewController.swift; sourceTree = "<group>"; };
		8487DEDF1E0F045600DEA9B5 /* Base */ = {isa = PBXFileReference; lastKnownFileType = file.storyboard; name = Base; path = Base.lproj/Main.storyboard; sourceTree = "<group>"; };
		8487DEE11E0F045600DEA9B5 /* Assets.xcassets */ = {isa = PBXFileReference; lastKnownFileType = folder.assetcatalog; path = Assets.xcassets; sourceTree = "<group>"; };
		8487DEE41E0F045600DEA9B5 /* Base */ = {isa = PBXFileReference; lastKnownFileType = file.storyboard; name = Base; path = Base.lproj/LaunchScreen.storyboard; sourceTree = "<group>"; };
		8487DEE61E0F045600DEA9B5 /* Info.plist */ = {isa = PBXFileReference; lastKnownFileType = text.plist.xml; path = Info.plist; sourceTree = "<group>"; };
		8487DEEB1E0F045600DEA9B5 /* TipperTests.xctest */ = {isa = PBXFileReference; explicitFileType = wrapper.cfbundle; includeInIndex = 0; path = TipperTests.xctest; sourceTree = BUILT_PRODUCTS_DIR; };
		8487DEEF1E0F045600DEA9B5 /* TipperTests.swift */ = {isa = PBXFileReference; lastKnownFileType = sourcecode.swift; path = TipperTests.swift; sourceTree = "<group>"; };
		8487DEF11E0F045600DEA9B5 /* Info.plist */ = {isa = PBXFileReference; lastKnownFileType = text.plist.xml; path = Info.plist; sourceTree = "<group>"; };
		8487DEF61E0F045600DEA9B5 /* TipperUITests.xctest */ = {isa = PBXFileReference; explicitFileType = wrapper.cfbundle; includeInIndex = 0; path = TipperUITests.xctest; sourceTree = BUILT_PRODUCTS_DIR; };
		8487DEFA1E0F045600DEA9B5 /* TipperUITests.swift */ = {isa = PBXFileReference; lastKnownFileType = sourcecode.swift; path = TipperUITests.swift; sourceTree = "<group>"; };
		8487DEFC1E0F045600DEA9B5 /* Info.plist */ = {isa = PBXFileReference; lastKnownFileType = text.plist.xml; path = Info.plist; sourceTree = "<group>"; };
/* End PBXFileReference section */

/* Begin PBXFrameworksBuildPhase section */
		8487DED41E0F045600DEA9B5 /* Frameworks */ = {
			isa = PBXFrameworksBuildPhase;
			buildActionMask = 2147483647;
			files = (
			);
			runOnlyForDeploymentPostprocessing = 0;
		};
		8487DEE81E0F045600DEA9B5 /* Frameworks */ = {
			isa = PBXFrameworksBuildPhase;
			buildActionMask = 2147483647;
			files = (
			);
			runOnlyForDeploymentPostprocessing = 0;
		};
		8487DEF31E0F045600DEA9B5 /* Frameworks */ = {
			isa = PBXFrameworksBuildPhase;
			buildActionMask = 2147483647;
			files = (
			);
			runOnlyForDeploymentPostprocessing = 0;
		};
/* End PBXFrameworksBuildPhase section */

/* Begin PBXGroup section */
		8487DECE1E0F045600DEA9B5 = {
			isa = PBXGroup;
			children = (
				8487DED91E0F045600DEA9B5 /* Tipper */,
				8487DEEE1E0F045600DEA9B5 /* TipperTests */,
				8487DEF91E0F045600DEA9B5 /* TipperUITests */,
				8487DED81E0F045600DEA9B5 /* Products */,
			);
			sourceTree = "<group>";
		};
		8487DED81E0F045600DEA9B5 /* Products */ = {
			isa = PBXGroup;
			children = (
				8487DED71E0F045600DEA9B5 /* Tipper.app */,
				8487DEEB1E0F045600DEA9B5 /* TipperTests.xctest */,
				8487DEF61E0F045600DEA9B5 /* TipperUITests.xctest */,
			);
			name = Products;
			sourceTree = "<group>";
		};
		8487DED91E0F045600DEA9B5 /* Tipper */ = {
			isa = PBXGroup;
			children = (
				8487DEDA1E0F045600DEA9B5 /* AppDelegate.swift */,
				8487DEDC1E0F045600DEA9B5 /* ViewController.swift */,
				8487DEDE1E0F045600DEA9B5 /* Main.storyboard */,
				8487DEE11E0F045600DEA9B5 /* Assets.xcassets */,
				8487DEE31E0F045600DEA9B5 /* LaunchScreen.storyboard */,
				8487DEE61E0F045600DEA9B5 /* Info.plist */,
			);
			path = Tipper;
			sourceTree = "<group>";
		};
		8487DEEE1E0F045600DEA9B5 /* TipperTests */ = {
			isa = PBXGroup;
			children = (
				8487DEEF1E0F045600DEA9B5 /* TipperTests.swift */,
				8487DEF11E0F045600DEA9B5 /* Info.plist */,
			);
			path = TipperTests;
			sourceTree = "<group>";
		};
		8487DEF91E0F045600DEA9B5 /* TipperUITests */ = {
			isa = PBXGroup;
			children = (
				8487DEFA1E0F045600DEA9B5 /* TipperUITests.swift */,
				8487DEFC1E0F045600DEA9B5 /* Info.plist */,
			);
			path = TipperUITests;
			sourceTree = "<group>";
		};
/* End PBXGroup section */

/* Begin PBXNativeTarget section */
		8487DED61E0F045600DEA9B5 /* Tipper */ = {
			isa = PBXNativeTarget;
			buildConfigurationList = 8487DEFF1E0F045600DEA9B5 /* Build configuration list for PBXNativeTarget "Tipper" */;
			buildPhases = (
				8487DED31E0F045600DEA9B5 /* Sources */,
				8487DED41E0F045600DEA9B5 /* Frameworks */,
				8487DED51E0F045600DEA9B5 /* Resources */,
			);
			buildRules = (
			);
			dependencies = (
			);
			name = Tipper;
			productName = Tipper;
			productReference = 8487DED71E0F045600DEA9B5 /* Tipper.app */;
			productType = "com.apple.product-type.application";
		};
		8487DEEA1E0F045600DEA9B5 /* TipperTests */ = {
			isa = PBXNativeTarget;
			buildConfigurationList = 8487DF021E0F045600DEA9B5 /* Build configuration list for PBXNativeTarget "TipperTests" */;
			buildPhases = (
				8487DEE71E0F045600DEA9B5 /* Sources */,
				8487DEE81E0F045600DEA9B5 /* Frameworks */,
				8487DEE91E0F045600DEA9B5 /* Resources */,
			);
			buildRules = (
			);
			dependencies = (
				8487DEED1E0F045600DEA9B5 /* PBXTargetDependency */,
			);
			name = TipperTests;
			productName = TipperTests;
			productReference = 8487DEEB1E0F045600DEA9B5 /* TipperTests.xctest */;
			productType = "com.apple.product-type.bundle.unit-test";
		};
		8487DEF51E0F045600DEA9B5 /* TipperUITests */ = {
			isa = PBXNativeTarget;
			buildConfigurationList = 8487DF051E0F045600DEA9B5 /* Build configuration list for PBXNativeTarget "TipperUITests" */;
			buildPhases = (
				8487DEF21E0F045600DEA9B5 /* Sources */,
				8487DEF31E0F045600DEA9B5 /* Frameworks */,
				8487DEF41E0F045600DEA9B5 /* Resources */,
			);
			buildRules = (
			);
			dependencies = (
				8487DEF81E0F045600DEA9B5 /* PBXTargetDependency */,
			);
			name = TipperUITests;
			productName = TipperUITests;
			productReference = 8487DEF61E0F045600DEA9B5 /* TipperUITests.xctest */;
			productType = "com.apple.product-type.bundle.ui-testing";
		};
/* End PBXNativeTarget section */

/* Begin PBXProject section */
		8487DECF1E0F045600DEA9B5 /* Project object */ = {
			isa = PBXProject;
			attributes = {
				LastSwiftUpdateCheck = 0810;
				LastUpgradeCheck = 0810;
				ORGANIZATIONNAME = "Shumba Brown";
				TargetAttributes = {
					8487DED61E0F045600DEA9B5 = {
						CreatedOnToolsVersion = 8.1;
						DevelopmentTeam = C5WL2PP3U3;
						ProvisioningStyle = Automatic;
					};
					8487DEEA1E0F045600DEA9B5 = {
						CreatedOnToolsVersion = 8.1;
						DevelopmentTeam = C5WL2PP3U3;
						ProvisioningStyle = Automatic;
						TestTargetID = 8487DED61E0F045600DEA9B5;
					};
					8487DEF51E0F045600DEA9B5 = {
						CreatedOnToolsVersion = 8.1;
						DevelopmentTeam = C5WL2PP3U3;
						ProvisioningStyle = Automatic;
						TestTargetID = 8487DED61E0F045600DEA9B5;
					};
				};
			};
			buildConfigurationList = 8487DED21E0F045600DEA9B5 /* Build configuration list for PBXProject "Tipper" */;
			compatibilityVersion = "Xcode 3.2";
			developmentRegion = English;
			hasScannedForEncodings = 0;
			knownRegions = (
				en,
				Base,
			);
			mainGroup = 8487DECE1E0F045600DEA9B5;
			productRefGroup = 8487DED81E0F045600DEA9B5 /* Products */;
			projectDirPath = "";
			projectRoot = "";
			targets = (
				8487DED61E0F045600DEA9B5 /* Tipper */,
				8487DEEA1E0F045600DEA9B5 /* TipperTests */,
				8487DEF51E0F045600DEA9B5 /* TipperUITests */,
			);
		};
/* End PBXProject section */

/* Begin PBXResourcesBuildPhase section */
		8487DED51E0F045600DEA9B5 /* Resources */ = {
			isa = PBXResourcesBuildPhase;
			buildActionMask = 2147483647;
			files = (
				8487DEE51E0F045600DEA9B5 /* LaunchScreen.storyboard in Resources */,
				8487DEE21E0F045600DEA9B5 /* Assets.xcassets in Resources */,
				8487DEE01E0F045600DEA9B5 /* Main.storyboard in Resources */,
			);
			runOnlyForDeploymentPostprocessing = 0;
		};
		8487DEE91E0F045600DEA9B5 /* Resources */ = {
			isa = PBXResourcesBuildPhase;
			buildActionMask = 2147483647;
			files = (
			);
			runOnlyForDeploymentPostprocessing = 0;
		};
		8487DEF41E0F045600DEA9B5 /* Resources */ = {
			isa = PBXResourcesBuildPhase;
			buildActionMask = 2147483647;
			files = (
			);
			runOnlyForDeploymentPostprocessing = 0;
		};
/* End PBXResourcesBuildPhase section */

/* Begin PBXSourcesBuildPhase section */
		8487DED31E0F045600DEA9B5 /* Sources */ = {
			isa = PBXSourcesBuildPhase;
			buildActionMask = 2147483647;
			files = (
				8487DEDD1E0F045600DEA9B5 /* ViewController.swift in Sources */,
				8487DEDB1E0F045600DEA9B5 /* AppDelegate.swift in Sources */,
			);
			runOnlyForDeploymentPostprocessing = 0;
		};
		8487DEE71E0F045600DEA9B5 /* Sources */ = {
			isa = PBXSourcesBuildPhase;
			buildActionMask = 2147483647;
			files = (
				8487DEF01E0F045600DEA9B5 /* TipperTests.swift in Sources */,
			);
			runOnlyForDeploymentPostprocessing = 0;
		};
		8487DEF21E0F045600DEA9B5 /* Sources */ = {
			isa = PBXSourcesBuildPhase;
			buildActionMask = 2147483647;
			files = (
				8487DEFB1E0F045600DEA9B5 /* TipperUITests.swift in Sources */,
			);
			runOnlyForDeploymentPostprocessing = 0;
		};
/* End PBXSourcesBuildPhase section */

/* Begin PBXTargetDependency section */
		8487DEED1E0F045600DEA9B5 /* PBXTargetDependency */ = {
			isa = PBXTargetDependency;
			target = 8487DED61E0F045600DEA9B5 /* Tipper */;
			targetProxy = 8487DEEC1E0F045600DEA9B5 /* PBXContainerItemProxy */;
		};
		8487DEF81E0F045600DEA9B5 /* PBXTargetDependency */ = {
			isa = PBXTargetDependency;
			target = 8487DED61E0F045600DEA9B5 /* Tipper */;
			targetProxy = 8487DEF71E0F045600DEA9B5 /* PBXContainerItemProxy */;
		};
/* End PBXTargetDependency section */

/* Begin PBXVariantGroup section */
		8487DEDE1E0F045600DEA9B5 /* Main.storyboard */ = {
			isa = PBXVariantGroup;
			children = (
				8487DEDF1E0F045600DEA9B5 /* Base */,
			);
			name = Main.storyboard;
			sourceTree = "<group>";
		};
		8487DEE31E0F045600DEA9B5 /* LaunchScreen.storyboard */ = {
			isa = PBXVariantGroup;
			children = (
				8487DEE41E0F045600DEA9B5 /* Base */,
			);
			name = LaunchScreen.storyboard;
			sourceTree = "<group>";
		};
/* End PBXVariantGroup section */

/* Begin XCBuildConfiguration section */
		8487DEFD1E0F045600DEA9B5 /* Debug */ = {
			isa = XCBuildConfiguration;
			buildSettings = {
				ALWAYS_SEARCH_USER_PATHS = NO;
				CLANG_ANALYZER_NONNULL = YES;
				CLANG_CXX_LANGUAGE_STANDARD = "gnu++0x";
				CLANG_CXX_LIBRARY = "libc++";
				CLANG_ENABLE_MODULES = YES;
				CLANG_ENABLE_OBJC_ARC = YES;
				CLANG_WARN_BOOL_CONVERSION = YES;
				CLANG_WARN_CONSTANT_CONVERSION = YES;
				CLANG_WARN_DIRECT_OBJC_ISA_USAGE = YES_ERROR;
				CLANG_WARN_DOCUMENTATION_COMMENTS = YES;
				CLANG_WARN_EMPTY_BODY = YES;
				CLANG_WARN_ENUM_CONVERSION = YES;
				CLANG_WARN_INFINITE_RECURSION = YES;
				CLANG_WARN_INT_CONVERSION = YES;
				CLANG_WARN_OBJC_ROOT_CLASS = YES_ERROR;
				CLANG_WARN_SUSPICIOUS_MOVES = YES;
				CLANG_WARN_UNREACHABLE_CODE = YES;
				CLANG_WARN__DUPLICATE_METHOD_MATCH = YES;
				"CODE_SIGN_IDENTITY[sdk=iphoneos*]" = "iPhone Developer";
				COPY_PHASE_STRIP = NO;
				DEBUG_INFORMATION_FORMAT = dwarf;
				ENABLE_STRICT_OBJC_MSGSEND = YES;
				ENABLE_TESTABILITY = YES;
				GCC_C_LANGUAGE_STANDARD = gnu99;
				GCC_DYNAMIC_NO_PIC = NO;
				GCC_NO_COMMON_BLOCKS = YES;
				GCC_OPTIMIZATION_LEVEL = 0;
				GCC_PREPROCESSOR_DEFINITIONS = (
					"DEBUG=1",
					"$(inherited)",
				);
				GCC_WARN_64_TO_32_BIT_CONVERSION = YES;
				GCC_WARN_ABOUT_RETURN_TYPE = YES_ERROR;
				GCC_WARN_UNDECLARED_SELECTOR = YES;
				GCC_WARN_UNINITIALIZED_AUTOS = YES_AGGRESSIVE;
				GCC_WARN_UNUSED_FUNCTION = YES;
				GCC_WARN_UNUSED_VARIABLE = YES;
				IPHONEOS_DEPLOYMENT_TARGET = 10.1;
				MTL_ENABLE_DEBUG_INFO = YES;
				ONLY_ACTIVE_ARCH = YES;
				SDKROOT = iphoneos;
				SWIFT_ACTIVE_COMPILATION_CONDITIONS = DEBUG;
				SWIFT_OPTIMIZATION_LEVEL = "-Onone";
			};
			name = Debug;
		};
		8487DEFE1E0F045600DEA9B5 /* Release */ = {
			isa = XCBuildConfiguration;
			buildSettings = {
				ALWAYS_SEARCH_USER_PATHS = NO;
				CLANG_ANALYZER_NONNULL = YES;
				CLANG_CXX_LANGUAGE_STANDARD = "gnu++0x";
				CLANG_CXX_LIBRARY = "libc++";
				CLANG_ENABLE_MODULES = YES;
				CLANG_ENABLE_OBJC_ARC = YES;
				CLANG_WARN_BOOL_CONVERSION = YES;
				CLANG_WARN_CONSTANT_CONVERSION = YES;
				CLANG_WARN_DIRECT_OBJC_ISA_USAGE = YES_ERROR;
				CLANG_WARN_DOCUMENTATION_COMMENTS = YES;
				CLANG_WARN_EMPTY_BODY = YES;
				CLANG_WARN_ENUM_CONVERSION = YES;
				CLANG_WARN_INFINITE_RECURSION = YES;
				CLANG_WARN_INT_CONVERSION = YES;
				CLANG_WARN_OBJC_ROOT_CLASS = YES_ERROR;
				CLANG_WARN_SUSPICIOUS_MOVES = YES;
				CLANG_WARN_UNREACHABLE_CODE = YES;
				CLANG_WARN__DUPLICATE_METHOD_MATCH = YES;
				"CODE_SIGN_IDENTITY[sdk=iphoneos*]" = "iPhone Developer";
				COPY_PHASE_STRIP = NO;
				DEBUG_INFORMATION_FORMAT = "dwarf-with-dsym";
				ENABLE_NS_ASSERTIONS = NO;
				ENABLE_STRICT_OBJC_MSGSEND = YES;
				GCC_C_LANGUAGE_STANDARD = gnu99;
				GCC_NO_COMMON_BLOCKS = YES;
				GCC_WARN_64_TO_32_BIT_CONVERSION = YES;
				GCC_WARN_ABOUT_RETURN_TYPE = YES_ERROR;
				GCC_WARN_UNDECLARED_SELECTOR = YES;
				GCC_WARN_UNINITIALIZED_AUTOS = YES_AGGRESSIVE;
				GCC_WARN_UNUSED_FUNCTION = YES;
				GCC_WARN_UNUSED_VARIABLE = YES;
				IPHONEOS_DEPLOYMENT_TARGET = 10.1;
				MTL_ENABLE_DEBUG_INFO = NO;
				SDKROOT = iphoneos;
				SWIFT_OPTIMIZATION_LEVEL = "-Owholemodule";
				VALIDATE_PRODUCT = YES;
			};
			name = Release;
		};
		8487DF001E0F045600DEA9B5 /* Debug */ = {
			isa = XCBuildConfiguration;
			buildSettings = {
				ASSETCATALOG_COMPILER_APPICON_NAME = AppIcon;
				DEVELOPMENT_TEAM = C5WL2PP3U3;
				INFOPLIST_FILE = Tipper/Info.plist;
				LD_RUNPATH_SEARCH_PATHS = "$(inherited) @executable_path/Frameworks";
				PRODUCT_BUNDLE_IDENTIFIER = Protocol.Tipper;
				PRODUCT_NAME = "$(TARGET_NAME)";
				SWIFT_VERSION = 3.0;
			};
			name = Debug;
		};
		8487DF011E0F045600DEA9B5 /* Release */ = {
			isa = XCBuildConfiguration;
			buildSettings = {
				ASSETCATALOG_COMPILER_APPICON_NAME = AppIcon;
				DEVELOPMENT_TEAM = C5WL2PP3U3;
				INFOPLIST_FILE = Tipper/Info.plist;
				LD_RUNPATH_SEARCH_PATHS = "$(inherited) @executable_path/Frameworks";
				PRODUCT_BUNDLE_IDENTIFIER = Protocol.Tipper;
				PRODUCT_NAME = "$(TARGET_NAME)";
				SWIFT_VERSION = 3.0;
			};
			name = Release;
		};
		8487DF031E0F045600DEA9B5 /* Debug */ = {
			isa = XCBuildConfiguration;
			buildSettings = {
				ALWAYS_EMBED_SWIFT_STANDARD_LIBRARIES = YES;
				BUNDLE_LOADER = "$(TEST_HOST)";
				DEVELOPMENT_TEAM = C5WL2PP3U3;
				INFOPLIST_FILE = TipperTests/Info.plist;
				LD_RUNPATH_SEARCH_PATHS = "$(inherited) @executable_path/Frameworks @loader_path/Frameworks";
				PRODUCT_BUNDLE_IDENTIFIER = Protocol.TipperTests;
				PRODUCT_NAME = "$(TARGET_NAME)";
				SWIFT_VERSION = 3.0;
				TEST_HOST = "$(BUILT_PRODUCTS_DIR)/Tipper.app/Tipper";
			};
			name = Debug;
		};
		8487DF041E0F045600DEA9B5 /* Release */ = {
			isa = XCBuildConfiguration;
			buildSettings = {
				ALWAYS_EMBED_SWIFT_STANDARD_LIBRARIES = YES;
				BUNDLE_LOADER = "$(TEST_HOST)";
				DEVELOPMENT_TEAM = C5WL2PP3U3;
				INFOPLIST_FILE = TipperTests/Info.plist;
				LD_RUNPATH_SEARCH_PATHS = "$(inherited) @executable_path/Frameworks @loader_path/Frameworks";
				PRODUCT_BUNDLE_IDENTIFIER = Protocol.TipperTests;
				PRODUCT_NAME = "$(TARGET_NAME)";
				SWIFT_VERSION = 3.0;
				TEST_HOST = "$(BUILT_PRODUCTS_DIR)/Tipper.app/Tipper";
			};
			name = Release;
		};
		8487DF061E0F045600DEA9B5 /* Debug */ = {
			isa = XCBuildConfiguration;
			buildSettings = {
				ALWAYS_EMBED_SWIFT_STANDARD_LIBRARIES = YES;
				DEVELOPMENT_TEAM = C5WL2PP3U3;
				INFOPLIST_FILE = TipperUITests/Info.plist;
				LD_RUNPATH_SEARCH_PATHS = "$(inherited) @executable_path/Frameworks @loader_path/Frameworks";
				PRODUCT_BUNDLE_IDENTIFIER = Protocol.TipperUITests;
				PRODUCT_NAME = "$(TARGET_NAME)";
				SWIFT_VERSION = 3.0;
				TEST_TARGET_NAME = Tipper;
			};
			name = Debug;
		};
		8487DF071E0F045600DEA9B5 /* Release */ = {
			isa = XCBuildConfiguration;
			buildSettings = {
				ALWAYS_EMBED_SWIFT_STANDARD_LIBRARIES = YES;
				DEVELOPMENT_TEAM = C5WL2PP3U3;
				INFOPLIST_FILE = TipperUITests/Info.plist;
				LD_RUNPATH_SEARCH_PATHS = "$(inherited) @executable_path/Frameworks @loader_path/Frameworks";
				PRODUCT_BUNDLE_IDENTIFIER = Protocol.TipperUITests;
				PRODUCT_NAME = "$(TARGET_NAME)";
				SWIFT_VERSION = 3.0;
				TEST_TARGET_NAME = Tipper;
			};
			name = Release;
		};
/* End XCBuildConfiguration section */

/* Begin XCConfigurationList section */
		8487DED21E0F045600DEA9B5 /* Build configuration list for PBXProject "Tipper" */ = {
			isa = XCConfigurationList;
			buildConfigurations = (
				8487DEFD1E0F045600DEA9B5 /* Debug */,
				8487DEFE1E0F045600DEA9B5 /* Release */,
			);
			defaultConfigurationIsVisible = 0;
			defaultConfigurationName = Release;
		};
		8487DEFF1E0F045600DEA9B5 /* Build configuration list for PBXNativeTarget "Tipper" */ = {
			isa = XCConfigurationList;
			buildConfigurations = (
				8487DF001E0F045600DEA9B5 /* Debug */,
				8487DF011E0F045600DEA9B5 /* Release */,
			);
			defaultConfigurationIsVisible = 0;
		};
		8487DF021E0F045600DEA9B5 /* Build configuration list for PBXNativeTarget "TipperTests" */ = {
			isa = XCConfigurationList;
			buildConfigurations = (
				8487DF031E0F045600DEA9B5 /* Debug */,
				8487DF041E0F045600DEA9B5 /* Release */,
			);
			defaultConfigurationIsVisible = 0;
		};
		8487DF051E0F045600DEA9B5 /* Build configuration list for PBXNativeTarget "TipperUITests" */ = {
			isa = XCConfigurationList;
			buildConfigurations = (
				8487DF061E0F045600DEA9B5 /* Debug */,
				8487DF071E0F045600DEA9B5 /* Release */,
			);
			defaultConfigurationIsVisible = 0;
		};
/* End XCConfigurationList section */
	};
	rootObject = 8487DECF1E0F045600DEA9B5 /* Project object */;
}
